
Microsoft Visual Studio Solution File, Format Version 12.00
# Visual Studio 15
VisualStudioVersion = 15.0.28307.136
MinimumVisualStudioVersion = 10.0.40219.1
Project("{FAE04EC0-301F-11D3-BF4B-00C04F79EFBC}") = "ISProject", "ISProject\ISProject.csproj", "{23A81C9F-EC24-4EA0-8EEE-70A11A3C9417}"
EndProject
Global
	GlobalSection(SolutionConfigurationPlatforms) = preSolution
		Debug|Any CPU = Debug|Any CPU
		Release|Any CPU = Release|Any CPU
	EndGlobalSection
	GlobalSection(ProjectConfigurationPlatforms) = postSolution
		{23A81C9F-EC24-4EA0-8EEE-70A11A3C9417}.Debug|Any CPU.ActiveCfg = Debug|Any CPU
		{23A81C9F-EC24-4EA0-8EEE-70A11A3C9417}.Debug|Any CPU.Build.0 = Debug|Any CPU
		{23A81C9F-EC24-4EA0-8EEE-70A11A3C9417}.Release|Any CPU.ActiveCfg = Release|Any CPU
		{23A81C9F-EC24-4EA0-8EEE-70A11A3C9417}.Release|Any CPU.Build.0 = Release|Any CPU
	EndGlobalSection
	GlobalSection(SolutionProperties) = preSolution
		HideSolutionNode = FALSE
	EndGlobalSection
	GlobalSection(ExtensibilityGlobals) = postSolution
		SolutionGuid = {0C34D05F-D4BC-434D-BF6C-DBB36CDB883D}
	EndGlobalSection
EndGlobal
